
Microsoft Visual Studio Solution File, Format Version 12.00
# Visual Studio Version 16
VisualStudioVersion = 16.0.32126.315
MinimumVisualStudioVersion = 10.0.40219.1
Project("{8BC9CEB8-8B4A-11D0-8D11-00A0C91BC942}") = "2022-04-12", "2022-04-12\2022-04-12.vcxproj", "{EE476087-C1DC-4AFD-A2ED-7FD8238D0D91}"
EndProject
Global
	GlobalSection(SolutionConfigurationPlatforms) = preSolution
		Debug|x64 = Debug|x64
		Debug|x86 = Debug|x86
		Release|x64 = Release|x64
		Release|x86 = Release|x86
	EndGlobalSection
	GlobalSection(ProjectConfigurationPlatforms) = postSolution
		{EE476087-C1DC-4AFD-A2ED-7FD8238D0D91}.Debug|x64.ActiveCfg = Debug|x64
		{EE476087-C1DC-4AFD-A2ED-7FD8238D0D91}.Debug|x64.Build.0 = Debug|x64
		{EE476087-C1DC-4AFD-A2ED-7FD8238D0D91}.Debug|x86.ActiveCfg = Debug|Win32
		{EE476087-C1DC-4AFD-A2ED-7FD8238D0D91}.Debug|x86.Build.0 = Debug|Win32
		{EE476087-C1DC-4AFD-A2ED-7FD8238D0D91}.Release|x64.ActiveCfg = Release|x64
		{EE476087-C1DC-4AFD-A2ED-7FD8238D0D91}.Release|x64.Build.0 = Release|x64
		{EE476087-C1DC-4AFD-A2ED-7FD8238D0D91}.Release|x86.ActiveCfg = Release|Win32
		{EE476087-C1DC-4AFD-A2ED-7FD8238D0D91}.Release|x86.Build.0 = Release|Win32
	EndGlobalSection
	GlobalSection(SolutionProperties) = preSolution
		HideSolutionNode = FALSE
	EndGlobalSection
	GlobalSection(ExtensibilityGlobals) = postSolution
		SolutionGuid = {44D16F9F-4A2B-4245-BBC5-362C047E9FF1}
	EndGlobalSection
EndGlobal
